
Microsoft Visual Studio Solution File, Format Version 12.00
# Visual Studio 15
Project("{FAE04EC0-301F-11D3-BF4B-00C04F79EFBC}") = "UniRx", "UniRx.csproj", "{EE4BA312-9DE7-4593-B544-D7089A75BC6E}"
EndProject
Project("{FAE04EC0-301F-11D3-BF4B-00C04F79EFBC}") = "UniRx.Examples", "UniRx.Examples.csproj", "{92F2227D-BEC7-52BE-0E7F-580607893357}"
EndProject
Project("{FAE04EC0-301F-11D3-BF4B-00C04F79EFBC}") = "Assembly-CSharp", "Assembly-CSharp.csproj", "{D2BFFF02-D087-DB1A-C7FE-6538A965A290}"
EndProject
Global
	GlobalSection(SolutionConfigurationPlatforms) = preSolution
		Debug|Any CPU = Debug|Any CPU
		Release|Any CPU = Release|Any CPU
	EndGlobalSection
	GlobalSection(ProjectConfigurationPlatforms) = postSolution
		{EE4BA312-9DE7-4593-B544-D7089A75BC6E}.Debug|Any CPU.ActiveCfg = Debug|Any CPU
		{EE4BA312-9DE7-4593-B544-D7089A75BC6E}.Debug|Any CPU.Build.0 = Debug|Any CPU
		{EE4BA312-9DE7-4593-B544-D7089A75BC6E}.Release|Any CPU.ActiveCfg = Release|Any CPU
		{EE4BA312-9DE7-4593-B544-D7089A75BC6E}.Release|Any CPU.Build.0 = Release|Any CPU
		{92F2227D-BEC7-52BE-0E7F-580607893357}.Debug|Any CPU.ActiveCfg = Debug|Any CPU
		{92F2227D-BEC7-52BE-0E7F-580607893357}.Debug|Any CPU.Build.0 = Debug|Any CPU
		{92F2227D-BEC7-52BE-0E7F-580607893357}.Release|Any CPU.ActiveCfg = Release|Any CPU
		{92F2227D-BEC7-52BE-0E7F-580607893357}.Release|Any CPU.Build.0 = Release|Any CPU
		{D2BFFF02-D087-DB1A-C7FE-6538A965A290}.Debug|Any CPU.ActiveCfg = Debug|Any CPU
		{D2BFFF02-D087-DB1A-C7FE-6538A965A290}.Debug|Any CPU.Build.0 = Debug|Any CPU
		{D2BFFF02-D087-DB1A-C7FE-6538A965A290}.Release|Any CPU.ActiveCfg = Release|Any CPU
		{D2BFFF02-D087-DB1A-C7FE-6538A965A290}.Release|Any CPU.Build.0 = Release|Any CPU
	EndGlobalSection
	GlobalSection(SolutionProperties) = preSolution
		HideSolutionNode = FALSE
	EndGlobalSection
EndGlobal
